
Microsoft Visual Studio Solution File, Format Version 12.00
# Visual Studio 15
VisualStudioVersion = 15.0.28307.329
MinimumVisualStudioVersion = 10.0.40219.1
Project("{FAE04EC0-301F-11D3-BF4B-00C04F79EFBC}") = "Kaguya", "Discord Bot\Kaguya.csproj", "{241766C6-5F98-45BF-A2B2-E0AE28572B8D}"
EndProject
Global
	GlobalSection(SolutionConfigurationPlatforms) = preSolution
		Debug|Any CPU = Debug|Any CPU
		Release|Any CPU = Release|Any CPU
	EndGlobalSection
	GlobalSection(ProjectConfigurationPlatforms) = postSolution
		{241766C6-5F98-45BF-A2B2-E0AE28572B8D}.Debug|Any CPU.ActiveCfg = Debug|Any CPU
		{241766C6-5F98-45BF-A2B2-E0AE28572B8D}.Debug|Any CPU.Build.0 = Debug|Any CPU
		{241766C6-5F98-45BF-A2B2-E0AE28572B8D}.Release|Any CPU.ActiveCfg = Release|Any CPU
	EndGlobalSection
	GlobalSection(SolutionProperties) = preSolution
		HideSolutionNode = FALSE
	EndGlobalSection
	GlobalSection(ExtensibilityGlobals) = postSolution
		SolutionGuid = {AE393713-9BB8-4F3F-BD10-881F3FDBF69B}
	EndGlobalSection
EndGlobal
