
Microsoft Visual Studio Solution File, Format Version 12.00
# Visual Studio Version 16
VisualStudioVersion = 16.0.29009.5
MinimumVisualStudioVersion = 10.0.40219.1
Project("{9A19103F-16F7-4668-BE54-9A1E7A4F7556}") = "KaguyaProjectV2", "KaguyaProjectV2.csproj", "{3C9C79E6-C5F3-4986-A6DA-F15025E5CAB5}"
EndProject
Project("{2150E333-8FDC-42A3-9474-1A3956D46DE8}") = "Run Configurations", "Run Configurations", "{A8DD2C8B-AB21-40BA-9CE5-B9CD44C2D759}"
ProjectSection(SolutionItems) = preProject
	.run\KaguyaProjectV2.run.xml = .run\KaguyaProjectV2.run.xml
EndProjectSection
EndProject
Global
	GlobalSection(SolutionConfigurationPlatforms) = preSolution
		Debug|Any CPU = Debug|Any CPU
		Release|Any CPU = Release|Any CPU
	EndGlobalSection
	GlobalSection(ProjectConfigurationPlatforms) = postSolution
		{3C9C79E6-C5F3-4986-A6DA-F15025E5CAB5}.Debug|Any CPU.ActiveCfg = Debug|Any CPU
		{3C9C79E6-C5F3-4986-A6DA-F15025E5CAB5}.Debug|Any CPU.Build.0 = Debug|Any CPU
		{3C9C79E6-C5F3-4986-A6DA-F15025E5CAB5}.Release|Any CPU.ActiveCfg = Release|Any CPU
		{3C9C79E6-C5F3-4986-A6DA-F15025E5CAB5}.Release|Any CPU.Build.0 = Release|Any CPU
		{9C7D2F86-BA26-4404-8ACA-46E1DC05C2E6}.Debug|Any CPU.ActiveCfg = Debug|Any CPU
		{9C7D2F86-BA26-4404-8ACA-46E1DC05C2E6}.Debug|Any CPU.Build.0 = Debug|Any CPU
		{9C7D2F86-BA26-4404-8ACA-46E1DC05C2E6}.Release|Any CPU.ActiveCfg = Release|Any CPU
		{9C7D2F86-BA26-4404-8ACA-46E1DC05C2E6}.Release|Any CPU.Build.0 = Release|Any CPU
	EndGlobalSection
	GlobalSection(SolutionProperties) = preSolution
		HideSolutionNode = FALSE
	EndGlobalSection
	GlobalSection(ExtensibilityGlobals) = postSolution
		SolutionGuid = {0D881503-9E7C-4A18-AE86-10C1EE433A10}
	EndGlobalSection
EndGlobal
