
Microsoft Visual Studio Solution File, Format Version 12.00
Project("{FAE04EC0-301F-11D3-BF4B-00C04F79EFBC}") = "Kaguya", "Kaguya\Kaguya.csproj", "{40450C78-9479-4372-AE4B-F5F13A4AC1F8}"
EndProject
Project("{FAE04EC0-301F-11D3-BF4B-00C04F79EFBC}") = "KaguyaTests", "KaguyaTests\KaguyaTests.csproj", "{8CD005B8-2037-4055-B312-D511C7A881A2}"
EndProject
Project("{2150E333-8FDC-42A3-9474-1A3956D46DE8}") = "misc", "misc", "{9381FFB4-B3CC-4A0B-84CB-7C8FD63EBED4}"
ProjectSection(SolutionItems) = preProject
	..\nuget.config = ..\nuget.config
EndProjectSection
EndProject
Global
	GlobalSection(SolutionConfigurationPlatforms) = preSolution
		Debug|Any CPU = Debug|Any CPU
		Release|Any CPU = Release|Any CPU
	EndGlobalSection
	GlobalSection(ProjectConfigurationPlatforms) = postSolution
		{40450C78-9479-4372-AE4B-F5F13A4AC1F8}.Debug|Any CPU.ActiveCfg = Debug|Any CPU
		{40450C78-9479-4372-AE4B-F5F13A4AC1F8}.Debug|Any CPU.Build.0 = Debug|Any CPU
		{40450C78-9479-4372-AE4B-F5F13A4AC1F8}.Release|Any CPU.ActiveCfg = Release|Any CPU
		{40450C78-9479-4372-AE4B-F5F13A4AC1F8}.Release|Any CPU.Build.0 = Release|Any CPU
		{8CD005B8-2037-4055-B312-D511C7A881A2}.Debug|Any CPU.ActiveCfg = Debug|Any CPU
		{8CD005B8-2037-4055-B312-D511C7A881A2}.Debug|Any CPU.Build.0 = Debug|Any CPU
		{8CD005B8-2037-4055-B312-D511C7A881A2}.Release|Any CPU.ActiveCfg = Release|Any CPU
		{8CD005B8-2037-4055-B312-D511C7A881A2}.Release|Any CPU.Build.0 = Release|Any CPU
	EndGlobalSection
EndGlobal
